{
  "name": "madilium-landing",
  "version": "0.0.0",
  "lockfileVersion": 3,
  "requires": true,
  "packages": {
    "": {
      "name": "madilium-landing",
      "version": "0.0.0",
      "type": "module",
      "dependencies": {
        "@google/genai": "^1.33.0",
        "lucide-react": "^0.561.0",
        "react": "^18.2.0",
        "react-dom": "^18.2.0"
      },
      "devDependencies": {
        "@types/react": "^18.2.66",
        "@types/react-dom": "^18.2.22",
        "@vitejs/plugin-react": "^4.2.1",
        "typescript": "^5.2.2",
        "vite": "^5.2.0"
      }
    },
    "node_modules/@babel/core": {
      "version": "7.24.7",
      "resolved": "https://registry.npmjs.org/@babel/core/-/core-7.24.7.tgz",
      "integrity": "sha512-SEEgq2n4u9QCMzWj92NQvGf5XzRPrdnEN4kdR03aVymkwjCeQYm1tEDhM95aVwrCRb6aG35s5N1fsTWf/MMYmQ==",
      "dev": true,
      "dependencies": {
        "@babel/helper-compilation-targets": "^7.23.6",
        "@babel/helper-module-transforms": "^7.24.7",
        "@babel/helpers": "^7.24.7",
        "@babel/parser": "^7.24.7",
        "@babel/template": "^7.24.7",
        "@babel/traverse": "^7.24.7",
        "@babel/types": "^7.24.7",
        "convert-source-map": "^2.0.0",
        "gensync": "^1.0.0-beta.2",
        "json5": "^2.2.3",
        "semver": "^6.3.1",
        "source-map": "^0.5.0"
      },
      "engines": {
        "node": ">=6.9.0"
      },
      "funding": {
        "type": "opencollective",
        "url": "https://opencollective.com/babel"
      }
    },
    "node_modules/@babel/helper-compilation-targets": {
      "version": "7.23.6",
      "resolved": "https://registry.npmjs.org/@babel/helper-compilation-targets/-/helper-compilation-targets-7.23.6.tgz",
      "integrity": "sha512-bZgB8PaoxK32b3lRg3B4+QCYs4j23KzQl5eTgfiU+2l4+DXjGZgV2klNJuqqpGgfzB2j3B4z7ydv5oXz2V2Abw==",
      "dev": true,
      "dependencies": {
        "@babel/compat-data": "^7.23.5",
        "@babel/helper-validator-option": "^7.23.5",
        "browserslist": "^4.22.1",
        "semver": "^6.3.1"
      },
      "engines": {
        "node": ">=6.9.0"
      },
      "peerDependencies": {
        "@babel/core": "^7.0.0"
      }
    },
    "node_modules/@babel/helper-module-transforms": {
      "version": "7.24.7",
      "resolved": "https://registry.npmjs.org/@babel/helper-module-transforms/-/helper-module-transforms-7.24.7.tgz",
      "integrity": "sha512-s/bH/KTQOTho/nQ8wPA+sfO1oR0V8aYUgq54T12eIs2sY2TUsAmIUGR2b/uB2w2J36sDi5pJG2yq7Jfr+t+XRA==",
      "dev": true,
      "dependencies": {
        "@babel/helper-environment-visitor": "^7.22.20",
        "@babel/helper-module-imports": "^7.24.7",
        "@babel/helper-simple-access": "^7.24.7",
        "@babel/helper-split-export-declaration": "^7.24.7",
        "@babel/helper-validator-identifier": "^7.24.7"
      },
      "engines": {
        "node": ">=6.9.0"
      },
      "peerDependencies": {
        "@babel/core": "^7.0.0"
      }
    },
    "node_modules/@babel/helper-plugin-utils": {
      "version": "7.24.7",
      "resolved": "https://registry.npmjs.org/@babel/helper-plugin-utils/-/helper-plugin-utils-7.24.7.tgz",
      "integrity": "sha512-snkY8Vv3z4DGfDssOZF/3LS1/y3i83yIe7LQkALAt4FW28A5sMZ5xbr3b5/I5c+XlI5P03/So2YJm28+F5tkBg==",
      "dev": true,
      "engines": {
        "node": ">=6.9.0"
      }
    },
    "node_modules/@babel/helper-validator-option": {
      "version": "7.23.5",
      "resolved": "https://registry.npmjs.org/@babel/helper-validator-option/-/helper-validator-option-7.23.5.tgz",
      "integrity": "sha512-85M5wHl/T/8k1bsgnqBRiXo3s0Y2/g9hmb+i8uHAnwM222eWbm6VMtG3/EY3H1C95QG41YfQ52wsA23y3Rx/tA==",
      "dev": true,
      "engines": {
        "node": ">=6.9.0"
      }
    },
    "node_modules/@babel/helpers": {
      "version": "7.24.7",
      "resolved": "https://registry.npmjs.org/@babel/helpers/-/helpers-7.24.7.tgz",
      "integrity": "sha512-nAb08KBo6x1g2tGSU5mgKxmr9/aYg0+s2JtTq+AuChr4ZQXobhC5c/zQ9wL52Xf5aNcrXG/h/KxYq7TjWpWf5A==",
      "dev": true,
      "dependencies": {
        "@babel/template": "^7.24.7",
        "@babel/traverse": "^7.24.7",
        "@babel/types": "^7.24.7"
      },
      "engines": {
        "node": ">=6.9.0"
      }
    },
    "node_modules/@babel/parser": {
      "version": "7.24.7",
      "resolved": "https://registry.npmjs.org/@babel/parser/-/parser-7.24.7.tgz",
      "integrity": "sha512-K7PoM6dGgJpCsx8LgGARvQyc5b7iZz2l0tM5xT2kTpGQaJzE9u+TPq03bSqhTf42w/9Nhz5F+C27N5rK+0E44A==",
      "dev": true,
      "bin": {
        "parser": "bin/babel-parser.js"
      },
      "engines": {
        "node": ">=6.9.0"
      }
    },
    "node_modules/@babel/plugin-syntax-jsx": {
      "version": "7.24.7",
      "resolved": "https://registry.npmjs.org/@babel/plugin-syntax-jsx/-/plugin-syntax-jsx-7.24.7.tgz",
      "integrity": "sha512-hQkLwTezMsf/Sg4g5ZD32oYlpS+bTMl/k/T/lPAh3r3YOa83HhFu4yALJCEr/9nUSbgrCSg/1+2S/s/0z+b4Ow==",
      "dev": true,
      "dependencies": {
        "@babel/helper-plugin-utils": "^7.24.7"
      },
      "engines": {
        "node": ">=6.9.0"
      },
      "peerDependencies": {
        "@babel/core": "^7.0.0-0"
      }
    },
    "node_modules/@babel/plugin-transform-react-jsx-development": {
      "version": "7.22.5",
      "resolved": "https://registry.npmjs.org/@babel/plugin-transform-react-jsx-development/-/plugin-transform-react-jsx-development-7.22.5.tgz",
      "integrity": "sha512-b2L1iGcf5HPDQO+m0IUZYPDdBp92/GSU6j2Lz7sSN8/3v+E8Qf3+V72Pz2XkC2HTi8d4/9525/yPphFfQo+sg==",
      "dev": true,
      "dependencies": {
        "@babel/helper-plugin-utils": "^7.20.2",
        "@babel/plugin-syntax-jsx": "^7.22.5"
      },
      "engines": {
        "node": ">=6.9.0"
      },
      "peerDependencies": {
        "@babel/core": "^7.0.0-0"
      }
    },
    "node_modules/@babel/runtime": {
      "version": "7.24.7",
      "resolved": "https://registry.npmjs.org/@babel/runtime/-/runtime-7.24.7.tgz",
      "integrity": "sha512-MrYOFXmRj3Py38na1g/4bH8//G4yYx3rfVWHv30vL3r2Kx+pGTwK4fgw2qM3iF9G9T4z3xPj2+L1p4i/o+62CA==",
      "dependencies": {
        "regenerator-runtime": "^0.14.0"
      },
      "engines": {
        "node": ">=6.9.0"
      }
    },
    "node_modules/@babel/template": {
      "version": "7.24.7",
      "resolved": "https://registry.npmjs.org/@babel/template/-/template-7.24.7.tgz",
      "integrity": "sha512-CsO0m26r/4181Sg0z240eK/+N9aIAnGSgTq4gT1d3o2rYJnwbxG9S2U/4rQU6vAKejIAm3GRnKcF51RhzP/wLA==",
      "dev": true,
      "dependencies": {
        "@babel/parser": "^7.24.7",
        "@babel/types": "^7.24.7"
      },
      "engines": {
        "node": ">=6.9.0"
      }
    },
    "node_modules/@babel/traverse": {
      "version": "7.24.7",
      "resolved": "https://registry.npmjs.org/@babel/traverse/-/traverse-7.24.7.tgz",
      "integrity": "sha512-H9Y1BuTR5mD+yT8Qd2XA8aTzzCp0ruteqP1Fq8hLMJc/p2g2XUOxK4tvrN5ADwrkM0t3f1R6o8b+V2iNfDUj1w==",
      "dev": true,
      "dependencies": {
        "@babel/parser": "^7.24.7",
        "@babel/types": "^7.24.7",
        "debug": "^4.1.0",
        "globals": "^11.1.0"
      },
      "engines": {
        "node": ">=6.9.0"
      }
    },
    "node_modules/@babel/types": {
      "version": "7.24.7",
      "resolved": "https://registry.npmjs.org/@babel/types/-/types-7.24.7.tgz",
      "integrity": "sha512-1/1D5D+V4/5h2/7PjMPy23p/N//N/S/2P3vPGR0j7eCg3+Xj/l6XGfUKa2i+a9y4b3c/ZgQ+5j/EzfSNC/FCA==",
      "dev": true,
      "dependencies": {
        "@babel/helper-validator-identifier": "^7.24.7",
        "to-fast-properties": "^2.0.0"
      },
      "engines": {
        "node": ">=6.9.0"
      }
    },
    "node_modules/@google/genai": {
      "version": "1.33.0",
      "resolved": "https://registry.npmjs.org/@google/genai/-/genai-1.33.0.tgz",
      "integrity": "sha512-rK7X/O6Jb2V8t43HnBvQfS1194A/L3d3/52eWjQ6O//0x/bSg1Tcw/M/v56wV/y7yU+1rB31iN8nEA==",
      "dependencies": {
        "@babel/runtime": "^7.23.2"
      },
      "engines": {
        "node": ">=18.0.0"
      }
    },
    "node_modules/@types/node": {
      "version": "20.14.9",
      "resolved": "https://registry.npmjs.org/@types/node/-/node-20.14.9.tgz",
      "integrity": "sha512-06gnUNb2Dj+2rq5x2R0760bK+2bqlr2QOKzfqcYk671JlO989qbO39OK3Qc58t4j2vtaY0Z3z4/3r4W7m8p5fQ==",
      "dev": true,
      "dependencies": {
        "undici-types": "~5.26.4"
      }
    },
    "node_modules/@types/prop-types": {
      "version": "15.7.12",
      "resolved": "https://registry.npmjs.org/@types/prop-types/-/prop-types-15.7.12.tgz",
      "integrity": "sha512-5zvhXYS3icfNlvmqgAB8oVz9M32vJ8sHbxP6iUSz4kEOTAlC82121fNWCVcQEYrIY1n93l2LV99A02r9V4seow==",
      "dev": true
    },
    "node_modules/@types/react": {
      "version": "18.3.3",
      "resolved": "https://registry.npmjs.org/@types/react/-/react-18.3.3.tgz",
      "integrity": "sha512-hti/R0pS0q1/xx+TsI73XIqk26eIeL7GxFzCK/bH8V2pk3zxPj3u3oPMEvS12TwRKHSt2iB9StwB8e/58DQ==",
      "dev": true,
      "dependencies": {
        "@types/prop-types": "*",
        "csstype": "^3.0.2"
      }
    },
    "node_modules/@types/react-dom": {
      "version": "18.3.0",
      "resolved": "https://registry.npmjs.org/@types/react-dom/-/react-dom-18.3.0.tgz",
      "integrity": "sha512-EhwApuTmMBmNv323fFf3iUd4D0P5w+kCx2hCysOUb4p2Ed4hifG4t2d63kXwL2kC1tB/52/s0n5Qf4TjOA8Axg==",
      "dev": true,
      "dependencies": {
        "@types/react": "*"
      }
    },
    "node_modules/@vitejs/plugin-react": {
      "version": "4.3.1",
      "resolved": "https://registry.npmjs.org/@vitejs/plugin-react/-/plugin-react-4.3.1.tgz",
      "integrity": "sha512-sHExDu4hH21N3f8D8O/5fJ2i2u5tqAUEtHVO3f25h2yM113dI3xUuimPCEwF3Ff52T3BHEI6wD2t6n/p3S/XQ==",
      "dev": true,
      "dependencies": {
        "@babel/core": "^7.22.9",
        "@babel/plugin-transform-react-jsx-development": "^7.22.5",
        "react-refresh": "^0.14.0"
      },
      "engines": {
        "node": ">=18.0.0"
      },
      "peerDependencies": {
        "react": "^18.2.0",
        "vite": "^4.4.0 || ^5.0.0"
      }
    },
    "node_modules/acorn": {
      "version": "8.12.0",
      "resolved": "https://registry.npmjs.org/acorn/-/acorn-8.12.0.tgz",
      "integrity": "sha512-QFSolYpLRUBa14i9QoDW/VR6v5t1E0TL72+85Fk6qVRGksfE22y2M1+x3DGr2XnCx8H65vT4k2sN62P+y9I+jA==",
      "dev": true,
      "bin": {
        "acorn": "bin/acorn"
      },
      "engines": {
        "node": ">=0.4.0"
      }
    },
    "node_modules/acorn-walk": {
      "version": "8.3.2",
      "resolved": "https://registry.npmjs.org/acorn-walk/-/acorn-walk-8.3.2.tgz",
      "integrity": "sha512-835+x9I+V2y8xi4WO99+3v1+OaVglTTzDoagBr25Ie+nMKIgrAofzOb2p/5P3d/T224BZZZ0a0JtDg/Q0UK2+A==",
      "dev": true,
      "engines": {
        "node": ">=0.4.0"
      }
    },
    "node_modules/arg": {
      "version": "4.1.3",
      "resolved": "https://registry.npmjs.org/arg/-/arg-4.1.3.tgz",
      "integrity": "sha512-58S9QDqG0Xx27YwPSt9fJargBilhFbTfNdCFLEQfotnqssTgBVs3sv5A/CMsCFyuPeiQargGuv1UFPnbRyeL5g==",
      "dev": true
    },
    "node_modules/braces": {
      "version": "3.0.3",
      "resolved": "https://registry.npmjs.org/braces/-/braces-3.0.3.tgz",
      "integrity": "sha512-yQbCVt3PXpI6DbF9i22Eer47+tK5t1r4P56/oXmgBpGlUjKk31NL93K0t3aI41ETtI6//sIz3i3nDAKAgQ7Dmg==",
      "dev": true,
      "dependencies": {
        "fill-range": "^7.1.1"
      },
      "engines": {
        "node": ">=8"
      }
    },
    "node_modules/browserslist": {
      "version": "4.23.1",
      "resolved": "https://registry.npmjs.org/browserslist/-/browserslist-4.23.1.tgz",
      "integrity": "sha512-Y+2m4Q4VfNQZFWIC+qHAl7mC3L+QfYkOXXd6p9fbrBe7OHQ6nSpZ2j95+gDmqDIWwtkGcUu+gL7zQn2gVqE4iA==",
      "dev": true,
      "funding": [
        {
          "type": "opencollective",
          "url": "https://opencollective.com/browserslist"
        },
        {
          "type": "tidelift",
          "url": "https://tidelift.com/subscription/pkg/npm-browserslist"
        },
        {
          "type": "github",
          "url": "https://github.com/sponsors/ai"
        }
      ],
      "dependencies": {
        "caniuse-lite": "^1.0.30001599",
        "electron-to-chromium": "^1.4.784",
        "node-releases": "^2.0.14",
        "update-browserslist-db": "^1.0.13"
      },
      "bin": {
        "browserslist": "cli.js"
      },
      "engines": {
        "node": "^6 || ^7 || ^8 || ^9 || ^10 || ^11 || ^12 || >=13.7"
      }
    },
    "node_modules/caniuse-lite": {
      "version": "1.0.30001641",
      "resolved": "https://registry.npmjs.org/caniuse-lite/-/caniuse-lite-1.0.30001641.tgz",
      "integrity": "sha512-XbYvU3W67l9V2KwfAgv2m1eA0bDWoFVTt2CV2bJz/wy1Gq8T3P2tW/yD4s5hN0bX8S3uXf9l4LwGgG1V6fG5A==",
      "dev": true,
      "funding": [
        {
          "type": "opencollective",
          "url": "https://opencollective.com/browserslist"
        },
        {
          "type": "tidelift",
          "url": "https://tidelift.com/subscription/pkg/npm-caniuse-lite"
        }
      ]
    },
    "node_modules/convert-source-map": {
      "version": "2.0.0",
      "resolved": "https://registry.npmjs.org/convert-source-map/-/convert-source-map-2.0.0.tgz",
      "integrity": "sha512-KvpK2W2o2KCPp4w33s9gik8nAD3NBLAgtWM/h9p2xM5V73r+ssmu2c2a2i/48mwzPIm+a6Q3h2VVE3l2v62H2g==",
      "dev": true
    },
    "node_modules/csstype": {
      "version": "3.1.3",
      "resolved": "https://registry.npmjs.org/csstype/-/csstype-3.1.3.tgz",
      "integrity": "sha512-MgnvksCVUIWRrK3GvNrnMLgqtH+EAbOTG9Kl4FpQLevNfsld9qs/2A6Q6gM1SSr7MAV6nyrIYMAbeBPo6d+gA9g==",
      "dev": true
    },
    "node_modules/debug": {
      "version": "4.3.5",
      "resolved": "https://registry.npmjs.org/debug/-/debug-4.3.5.tgz",
      "integrity": "sha512-pt0bNQKCYzZwIPm2G2fJ282b9TfA7I/6Am24goPSec7sfYk2+DPi2+32L3kWAOa3Tf0g9cDP71/a5s5I/G2k3w==",
      "dev": true,
      "dependencies": {
        "ms": "2.1.2"
      },
      "engines": {
        "node": ">=6.0"
      },
      "peerDependenciesMeta": {
        "supports-color": {
          "optional": true
        }
      }
    },
    "node_modules/electron-to-chromium": {
      "version": "1.4.801",
      "resolved": "https://registry.npmjs.org/electron-to-chromium/-/electron-to-chromium-1.4.801.tgz",
      "integrity": "sha512-Xw1EDqyq/e6k3O5QYm0IcnvBvmnJ8226r2t12zIeM91firl3l2SVI43eQO9/t/v8XgI/l/XQGk2rO5+tXpGyg==",
      "dev": true
    },
    "node_modules/esbuild": {
      "version": "0.21.5",
      "resolved": "https://registry.npmjs.org/esbuild/-/esbuild-0.21.5.tgz",
      "integrity": "sha512-B60/2nFk5x50a9+gP2E9Yn18x1t4fqMD2b93RLL8kRR/bF01FkPna020Tf/b8P3r55GFr6lRj8P/N6S0KjC2g==",
      "dev": true,
      "hasInstallScript": true,
      "bin": {
        "esbuild": "bin/esbuild"
      },
      "engines": {
        "node": ">=12"
      },
      "optionalDependencies": {
        "@esbuild/android-arm": "0.21.5",
        "@esbuild/android-arm64": "0.21.5",
        "@esbuild/android-x64": "0.21.5",
        "@esbuild/darwin-arm64": "0.21.5",
        "@esbuild/darwin-x64": "0.21.5",
        "@esbuild/freebsd-arm64": "0.21.5",
        "@esbuild/freebsd-x64": "0.21.5",
        "@esbuild/linux-arm": "0.21.5",
        "@esbuild/linux-arm64": "0.21.5",
        "@esbuild/linux-ia32": "0.21.5",
        "@esbuild/linux-loong64": "0.21.5",
        "@esbuild/linux-mips64el": "0.21.5",
        "@esbuild/linux-ppc64": "0.21.5",
        "@esbuild/linux-riscv64": "0.21.5",
        "@esbuild/linux-s390x": "0.21.5",
        "@esbuild/linux-x64": "0.21.5",
        "@esbuild/netbsd-x64": "0.21.5",
        "@esbuild/openbsd-x64": "0.21.5",
        "@esbuild/sunos-x64": "0.21.5",
        "@esbuild/win32-arm64": "0.21.5",
        "@esbuild/win32-ia32": "0.21.5",
        "@esbuild/win32-x64": "0.21.5"
      }
    },
    "node_modules/fsevents": {
      "version": "2.3.3",
      "resolved": "https://registry.npmjs.org/fsevents/-/fsevents-2.3.3.tgz",
      "integrity": "sha512-5XPJWn/lE58pxRYi2Saa+tY6pP3v2f4Iq6/EMZEYKyhmHDgIgrLz10jG8tH+m3vB1fl/b3QEVZo3G1KE5f67gA==",
      "dev": true,
      "hasInstallScript": true,
      "optional": true,
      "os": [
        "darwin"
      ],
      "engines": {
        "node": "^8.16.0 || ^10.6.0 || >=11.0.0"
      }
    },
    "node_modules/gensync": {
      "version": "1.0.0-beta.2",
      "resolved": "https://registry.npmjs.org/gensync/-/gensync-1.0.0-beta.2.tgz",
      "integrity": "sha512-3hN7NaskYvMDCOVER7rIcq+kAZFMW3G203tJRm2CRdkJtD4m040c5zABT27c4L92y6AHll8SH2oT2B3S1p7QZw==",
      "dev": true,
      "engines": {
        "node": ">=6.9.0"
      }
    },
    "node_modules/globals": {
      "version": "11.12.0",
      "resolved": "https://registry.npmjs.org/globals/-/globals-11.12.0.tgz",
      "integrity": "sha512-WOBp/EEGUiIsJSp7wcv/y6CTONzi+YwqJDTO7JMnMPlprGf_isGOZIOOr0GzQLG0vDWjdnpaR57opbjDESGUzw==",
      "dev": true,
      "engines": {
        "node": ">=4"
      }
    },
    "node_modules/js-tokens": {
      "version": "4.0.0",
      "resolved": "https://registry.npmjs.org/js-tokens/-/js-tokens-4.0.0.tgz",
      "integrity": "sha512-RdJUflcE3cUzKiMqQgsCu06FPu9UdIJO0beYbPhHN4k6apgJtifcoCtT9bcxOpYBtpD2kCM6Sbzg4CausW/PKQ=="
    },
    "node_modules/json5": {
      "version": "2.2.3",
      "resolved": "https://registry.npmjs.org/json5/-/json5-2.2.3.tgz",
      "integrity": "sha512-XmOWe7eyHYH14cLdvaНуQTTnP6OUhBovkCUXצ/A4eOADK8MGCB2jeLBoPAntovx4EoRpeg3E5ESLheBFNLKnA==",
      "dev": true,
      "bin": {
        "json5": "lib/cli.js"
      },
      "engines": {
        "node": ">=6"
      }
    },
    "node_modules/loose-envify": {
      "version": "1.4.0",
      "resolved": "https://registry.npmjs.org/loose-envify/-/loose-envify-1.4.0.tgz",
      "integrity": "sha512-lyuxPGr/Wfhrlem2CL/UcnUc1zcqKAImBDzukY7Y5F/yQiNdko6+fRLevlw1HgMySw7f611UIY408EtxRSoK3Q==",
      "dependencies": {
        "js-tokens": "^3.0.0 || ^4.0.0"
      },
      "bin": {
        "loose-envify": "cli.js"
      }
    },
    "node_modules/lucide-react": {
      "version": "0.561.0",
      "resolved": "https://registry.npmjs.org/lucide-react/-/lucide-react-0.561.0.tgz",
      "integrity": "sha512-Y30qXzB+F/r/OIGL/d9h4u+p75G6wDwsxM642S7wXUj4809Z5bM6wW1SVi5zSj4jD0iL9n/wA+YwYdJzlg==",
      "peerDependencies": {
        "react": ">=17"
      }
    },
    "node_modules/ms": {
      "version": "2.1.2",
      "resolved": "https://registry.npmjs.org/ms/-/ms-2.1.2.tgz",
      "integrity": "sha512-sGkPx+VjMtmA6MX27oA4FBFELFCZZ4S4XqeGOXCv68tT+jb3vk/RyaKWP0PTKyWtmLSM0b+adUTEvbs1PEAxCg==",
      "dev": true
    },
    "node_modules/node-releases": {
      "version": "2.0.14",
      "resolved": "https://registry.npmjs.org/node-releases/-/node-releases-2.0.14.tgz",
      "integrity": "sha512-ykJAyG4/25LGEPoESpWIXWaht4rQYjfxoIs23GGPMI6L1fo2aZErSqBOvC2dmz/K1l2rrG7CE8e2DSaO61eZ0w==",
      "dev": true
    },
    "node_modules/picocolors": {
      "version": "1.0.1",
      "resolved": "https://registry.npmjs.org/picocolors/-/picocolors-1.0.1.tgz",
      "integrity": "sha512-anIZP2fP2r70C+N3o+p33TAbPozq4h+A24J+4y1+mp5kdKz0T2bEn9kQ2s2yT/2+t/7P24Db3e/h03eBvR1nWg==",
      "dev": true
    },
    "node_modules/postcss": {
      "version": "8.4.38",
      "resolved": "https://registry.npmjs.org/postcss/-/postcss-8.4.38.tgz",
      "integrity": "sha512-W+mI8w7vDpd2bL92o5D32tffs4gWp/3zNKu44oi1Mv6eTbD35/pDhN+w0f2bK+35eYf3T8tgv/aF842Kx4w6g==",
      "dev": true,
      "funding": [
        {
          "type": "opencollective",
          "url": "https://opencollective.com/postcss/"
        },
        {
          "type": "tidelift",
          "url": "https://tidelift.com/funding/github/npm/postcss"
        },
        {
          "type": "github",
          "url": "https://github.com/sponsors/ai"
        }
      ],
      "dependencies": {
        "nanoid": "^3.3.7",
        "picocolors": "^1.0.0",
        "source-map-js": "^1.2.0"
      },
      "engines": {
        "node": "^10 || ^12 || >=14"
      }
    },
    "node_modules/react": {
      "version": "18.3.1",
      "resolved": "https://registry.npmjs.org/react/-/react-18.3.1.tgz",
      "integrity": "sha512-wS+hAgJShR0KhEv7A+S7m1gD1GunvlC+s5V+2wbifHPp95OPCiiWYJc+3HEhp9Xhq6gUbGObu6LdPwyoQDsrQw==",
      "dependencies": {
        "loose-envify": "^1.1.0"
      },
      "engines": {
        "node": ">=0.10.0"
      }
    },
    "node_modules/react-dom": {
      "version": "18.3.1",
      "resolved": "https://registry.npmjs.org/react-dom/-/react-dom-18.3.1.tgz",
      "integrity": "sha512-5m4nQKp+rZRb09LNH59GM4BxTh9251/16P+bVI24jGNaWlOK0/aeqiX6SfsT73M-0eMhsU1bb0o1hZNv/lZIjw==",
      "dependencies": {
        "loose-envify": "^1.1.0",
        "scheduler": "^0.23.2"
      },
      "peerDependencies": {
        "react": "^18.3.1"
      }
    },
    "node_modules/react-refresh": {
      "version": "0.14.2",
      "resolved": "https://registry.npmjs.org/react-refresh/-/react-refresh-0.14.2.tgz",
      "integrity": "sha512-1W5OguK0bM04q/Jgrzx25QoB1stq25+Q2Q8u9vSyfr9tsf5HcM1gXvrpT9tBylhH0yO7gD20bGE1s3Yza9e4Cw==",
      "dev": true,
      "engines": {
        "node": ">=0.10.0"
      }
    },
    "node_modules/regenerator-runtime": {
      "version": "0.14.1",
      "resolved": "https://registry.npmjs.org/regenerator-runtime/-/regenerator-runtime-0.14.1.tgz",
      "integrity": "sha512-dYnhHh0nJoMfnkZs6GmmhFknAGRrLznOu5nc9ML+EJxGvrx6H7teuevqVqCuPcPK//3eDrrjQhehXVx9cnkGdw=="
    },
    "node_modules/rollup": {
      "version": "4.18.0",
      "resolved": "https://registry.npmjs.org/rollup/-/rollup-4.18.0.tgz",
      "integrity": "sha512-3zQW8nJjLADX2msr2F1vG52iT92Cj3jM3Mlw7W2kDLTFA855a42kbr1k4Stn34na2G+o81uY2Xz13s/82pQ6GQ==",
      "dev": true,
      "bin": {
        "rollup": "dist/bin/rollup"
      },
      "engines": {
        "node": ">=18.0.0",
        "npm": ">=8.0.0"
      },
      "optionalDependencies": {
        "@rollup/rollup-android-arm-eabi": "4.18.0",
        "@rollup/rollup-android-arm64": "4.18.0",
        "@rollup/rollup-darwin-arm64": "4.18.0",
        "@rollup/rollup-darwin-x64": "4.18.0",
        "@rollup/rollup-linux-arm-gnueabihf": "4.18.0",
        "@rollup/rollup-linux-arm64-gnu": "4.18.0",
        "@rollup/rollup-linux-arm64-musl": "4.18.0",
        "@rollup/rollup-linux-x64-gnu": "4.18.0",
        "@rollup/rollup-linux-x64-musl": "4.18.0",
        "@rollup/rollup-win32-arm64-msvc": "4.18.0",
        "@rollup/rollup-win32-ia32-msvc": "4.18.0",
        "@rollup/rollup-win32-x64-msvc": "4.18.0"
      }
    },
    "node_modules/scheduler": {
      "version": "0.23.2",
      "resolved": "https://registry.npmjs.org/scheduler/-/scheduler-0.23.2.tgz",
      "integrity": "sha512-EaCxDggTCeyQgrbMh3C2vADk6iF2M1f/n3FXPch/i2i2y+5R3i4aavA/oWxYf2T3aO/4oP7yDJ4t2r3F/L3bUg==",
      "dependencies": {
        "loose-envify": "^1.1.0"
      }
    },
    "node_modules/semver": {
      "version": "6.3.1",
      "resolved": "https://registry.npmjs.org/semver/-/semver-6.3.1.tgz",
      "integrity": "sha512-BR7VvDC0XnQ+tOKoF8AOz+5+U+aOUCKKz5wWgv3AiooHbnssbfTefVUI060oZq5hDC+MNo2CW1CVFTGBHwfJMQ==",
      "dev": true,
      "bin": {
        "semver": "bin/semver.js"
      }
    },
    "node_modules/source-map": {
      "version": "0.5.7",
      "resolved": "https://registry.npmjs.org/source-map/-/source-map-0.5.7.tgz",
      "integrity": "sha512-LbrmJBF6XqfkzwXM4jPL4iPSAsee0aw9TeY/DSuDvwb1G1gO6iCR5Gz3CwhP8nc+vKOY6P2pP1svDqMJ2r2GgA==",
      "dev": true,
      "engines": {
        "node": ">=0.10.0"
      }
    },
    "node_modules/source-map-js": {
      "version": "1.2.0",
      "resolved": "https://registry.npmjs.org/source-map-js/-/source-map-js-1.2.0.tgz",
      "integrity": "sha512-it++6eN4H60ikwB5kO3eFeD8m0LAd9eL2d+20sA2FRe9/Jof2Pvch6k4/i+Hk41P8f/sx/iYxK/t3QZCbJ1Ziw==",
      "dev": true,
      "engines": {
        "node": ">=0.10.0"
      }
    },
    "node_modules/to-fast-properties": {
      "version": "2.0.0",
      "resolved": "https://registry.npmjs.org/to-fast-properties/-/to-fast-properties-2.0.0.tgz",
      "integrity": "sha512-adqP764eA3tJuL23KzS1dKuapLhKnGWOqzNqUeGCAy+qJbodnGRErY+qMDUx2w0vAa9AFKnRUCgNsA2lU9VPAA==",
      "dev": true,
      "engines": {
        "node": ">=4"
      }
    },
    "node_modules/typescript": {
      "version": "5.5.3",
      "resolved": "https://registry.npmjs.org/typescript/-/typescript-5.5.3.tgz",
      "integrity": "sha512-Pts3s4P4H3/OLi22bnkyxI954l0sBJu+gnN3a26aWrD1ZW/WjJ6Kx7k/3h3c9d74L/d5G5o5b7V2Lbg8Jf/vLw==",
      "dev": true,
      "bin": {
        "tsc": "bin/tsc",
        "tsserver": "bin/tsserver"
      },
      "engines": {
        "node": ">=14.17"
      }
    },
    "node_modules/undici-types": {
      "version": "5.26.5",
      "resolved": "https://registry.npmjs.org/undici-types/-/undici-types-5.26.5.tgz",
      "integrity": "sha512-gjM/pB+4vQ9S+cK8G2O1Pinter2BtzhPykRabI2v9EDNe0FST2DkuzxNLoATr4J3GScpck0vactm9Ab0Y5p72eA==",
      "dev": true
    },
    "node_modules/update-browserslist-db": {
      "version": "1.0.16",
      "resolved": "https://registry.npmjs.org/update-browserslist-db/-/update-browserslist-db-1.0.16.tgz",
      "integrity": "sha512-O72i13L4y550n3z628UhIff/mDBbrp7wT8i+2T03eKCa+3x31HjJvcti3wt2PGRu3QvY3FwR+17i9K1lABb9hQ==",
      "dev": true,
      "funding": [
        {
          "type": "opencollective",
          "url": "https://opencollective.com/browserslist"
        },
        {
          "type": "tidelift",
          "url": "https://tidelift.com/subscription/pkg/npm-update-browserslist-db"
        }
      ],
      "dependencies": {
        "picocolors": "^1.0.0"
      },
      "bin": {
        "update-browserslist-db": "cli.js"
      },
      "peerDependencies": {
        "browserslist": ">= 4.21.0"
      }
    },
    "node_modules/vite": {
      "version": "5.3.2",
      "resolved": "https://registry.npmjs.org/vite/-/vite-5.3.2.tgz",
      "integrity": "sha512-Q/12N2jDgoV3ORoUIrB6ztMv3m3r11tUClaSbKopJDAzF8mG4u+i5g21tkFfnyx5/8yU9Pwtk+AlxG0yGUr5Ag==",
      "dev": true,
      "dependencies": {
        "esbuild": "^0.21.3",
        "postcss": "^8.4.38",
        "rollup": "^4.17.2"
      },
      "bin": {
        "vite": "bin/vite.js"
      },
      "engines": {
        "node": "^18.0.0 || >=20.0.0"
      },
      "funding": {
        "url": "https://github.com/sponsors/yyx990803"
      },
      "optionalDependencies": {
        "fsevents": "~2.3.3"
      },
      "peerDependencies": {
        "@types/node": ">=18.0.0",
        "sass": "*",
        "terser": "^5.29.1"
      },
      "peerDependenciesMeta": {
        "@types/node": {
          "optional": true
        },
        "sass": {
          "optional": true
        },
        "terser": {
          "optional": true
        }
      }
    }
  }
}
